<Solution>
  <Project Path="Boucle/Boucle.csproj" Id="bd6e0dcf-791a-4038-a377-a7ea31348759" />
  <Project Path="Conditions/Conditions.csproj" Id="a8b2a6dd-ff24-4e04-ae47-24775549792b" />
  <Project Path="Methodes/Methodes.csproj" Id="76c1ff1e-073b-4a9a-bd57-a0f83b1f558d" />
  <Project Path="MonDeuxiemeProjet/MonDeuxiemeProjet.csproj" />
  <Project Path="MonPremierProjet/MonPremierProjet.csproj" />
</Solution>
